
Microsoft Visual Studio Solution File, Format Version 12.00
# Visual Studio Version 16
VisualStudioVersion = 16.0.31729.503
MinimumVisualStudioVersion = 10.0.40219.1
Project("{FAE04EC0-301F-11D3-BF4B-00C04F79EFBC}") = "Hospital System", "Hospital System\Hospital System.csproj", "{FD054019-61F8-4374-A425-02DABFD84224}"
EndProject
Global
	GlobalSection(SolutionConfigurationPlatforms) = preSolution
		Debug|Any CPU = Debug|Any CPU
		Release|Any CPU = Release|Any CPU
	EndGlobalSection
	GlobalSection(ProjectConfigurationPlatforms) = postSolution
		{FD054019-61F8-4374-A425-02DABFD84224}.Debug|Any CPU.ActiveCfg = Debug|Any CPU
		{FD054019-61F8-4374-A425-02DABFD84224}.Debug|Any CPU.Build.0 = Debug|Any CPU
		{FD054019-61F8-4374-A425-02DABFD84224}.Release|Any CPU.ActiveCfg = Release|Any CPU
		{FD054019-61F8-4374-A425-02DABFD84224}.Release|Any CPU.Build.0 = Release|Any CPU
	EndGlobalSection
	GlobalSection(SolutionProperties) = preSolution
		HideSolutionNode = FALSE
	EndGlobalSection
	GlobalSection(ExtensibilityGlobals) = postSolution
		SolutionGuid = {CF2CC658-A4C9-4226-9B1B-E703F8D0C519}
	EndGlobalSection
EndGlobal
